
Microsoft Visual Studio Solution File, Format Version 12.00
# Visual Studio Version 17
VisualStudioVersion = 17.8.34525.116
MinimumVisualStudioVersion = 10.0.40219.1
Project("{FAE04EC0-301F-11D3-BF4B-00C04F79EFBC}") = "ConsoleApp1", "ConsoleApp1\ConsoleApp1.csproj", "{3D85DEAC-4760-466D-9523-E30AF02DA2B0}"
EndProject
Global
	GlobalSection(SolutionConfigurationPlatforms) = preSolution
		Debug|Any CPU = Debug|Any CPU
		Release|Any CPU = Release|Any CPU
	EndGlobalSection
	GlobalSection(ProjectConfigurationPlatforms) = postSolution
		{3D85DEAC-4760-466D-9523-E30AF02DA2B0}.Debug|Any CPU.ActiveCfg = Debug|Any CPU
		{3D85DEAC-4760-466D-9523-E30AF02DA2B0}.Debug|Any CPU.Build.0 = Debug|Any CPU
		{3D85DEAC-4760-466D-9523-E30AF02DA2B0}.Release|Any CPU.ActiveCfg = Release|Any CPU
		{3D85DEAC-4760-466D-9523-E30AF02DA2B0}.Release|Any CPU.Build.0 = Release|Any CPU
	EndGlobalSection
	GlobalSection(SolutionProperties) = preSolution
		HideSolutionNode = FALSE
	EndGlobalSection
	GlobalSection(ExtensibilityGlobals) = postSolution
		SolutionGuid = {D1687190-133B-4418-92E2-FD33D31F3B76}
	EndGlobalSection
EndGlobal
